
Microsoft Visual Studio Solution File, Format Version 12.00
# Visual Studio Version 17
VisualStudioVersion = 17.9.34616.47
MinimumVisualStudioVersion = 10.0.40219.1
Project("{FAE04EC0-301F-11D3-BF4B-00C04F79EFBC}") = "MVCPOCS", "MVCPOCS\MVCPOCS.csproj", "{3B44BE20-15EF-4109-831C-BC7EFBA9B2BB}"
EndProject
Global
	GlobalSection(SolutionConfigurationPlatforms) = preSolution
		Debug|Any CPU = Debug|Any CPU
		Release|Any CPU = Release|Any CPU
	EndGlobalSection
	GlobalSection(ProjectConfigurationPlatforms) = postSolution
		{3B44BE20-15EF-4109-831C-BC7EFBA9B2BB}.Debug|Any CPU.ActiveCfg = Debug|Any CPU
		{3B44BE20-15EF-4109-831C-BC7EFBA9B2BB}.Debug|Any CPU.Build.0 = Debug|Any CPU
		{3B44BE20-15EF-4109-831C-BC7EFBA9B2BB}.Release|Any CPU.ActiveCfg = Release|Any CPU
		{3B44BE20-15EF-4109-831C-BC7EFBA9B2BB}.Release|Any CPU.Build.0 = Release|Any CPU
	EndGlobalSection
	GlobalSection(SolutionProperties) = preSolution
		HideSolutionNode = FALSE
	EndGlobalSection
	GlobalSection(ExtensibilityGlobals) = postSolution
		SolutionGuid = {2FCE963A-C289-4A47-BDB5-248B6C6AA158}
	EndGlobalSection
EndGlobal
